
Microsoft Visual Studio Solution File, Format Version 12.00
# Visual Studio Version 17
VisualStudioVersion = 17.14.36518.9 d17.14
MinimumVisualStudioVersion = 10.0.40219.1
Project("{FAE04EC0-301F-11D3-BF4B-00C04F79EFBC}") = "PhongKham.API", "PhongKham\PhongKham.API.csproj", "{B018571E-60D2-40B8-9EBB-404F51EB26E5}"
EndProject
Project("{FAE04EC0-301F-11D3-BF4B-00C04F79EFBC}") = "PhongKham.DAL", "PhongKham.DAL\PhongKham.DAL.csproj", "{675667FD-D407-47C3-AF93-C1C418914229}"
EndProject
Project("{FAE04EC0-301F-11D3-BF4B-00C04F79EFBC}") = "PhongKham.BLL", "PhongKham.BLL\PhongKham.BLL.csproj", "{7770A21E-C85A-4402-88B1-B71E4E0CDEFA}"
EndProject
Global
	GlobalSection(SolutionConfigurationPlatforms) = preSolution
		Debug|Any CPU = Debug|Any CPU
		Release|Any CPU = Release|Any CPU
	EndGlobalSection
	GlobalSection(ProjectConfigurationPlatforms) = postSolution
		{B018571E-60D2-40B8-9EBB-404F51EB26E5}.Debug|Any CPU.ActiveCfg = Debug|Any CPU
		{B018571E-60D2-40B8-9EBB-404F51EB26E5}.Debug|Any CPU.Build.0 = Debug|Any CPU
		{B018571E-60D2-40B8-9EBB-404F51EB26E5}.Release|Any CPU.ActiveCfg = Release|Any CPU
		{B018571E-60D2-40B8-9EBB-404F51EB26E5}.Release|Any CPU.Build.0 = Release|Any CPU
		{675667FD-D407-47C3-AF93-C1C418914229}.Debug|Any CPU.ActiveCfg = Debug|Any CPU
		{675667FD-D407-47C3-AF93-C1C418914229}.Debug|Any CPU.Build.0 = Debug|Any CPU
		{675667FD-D407-47C3-AF93-C1C418914229}.Release|Any CPU.ActiveCfg = Release|Any CPU
		{675667FD-D407-47C3-AF93-C1C418914229}.Release|Any CPU.Build.0 = Release|Any CPU
		{7770A21E-C85A-4402-88B1-B71E4E0CDEFA}.Debug|Any CPU.ActiveCfg = Debug|Any CPU
		{7770A21E-C85A-4402-88B1-B71E4E0CDEFA}.Debug|Any CPU.Build.0 = Debug|Any CPU
		{7770A21E-C85A-4402-88B1-B71E4E0CDEFA}.Release|Any CPU.ActiveCfg = Release|Any CPU
		{7770A21E-C85A-4402-88B1-B71E4E0CDEFA}.Release|Any CPU.Build.0 = Release|Any CPU
	EndGlobalSection
	GlobalSection(SolutionProperties) = preSolution
		HideSolutionNode = FALSE
	EndGlobalSection
	GlobalSection(ExtensibilityGlobals) = postSolution
		SolutionGuid = {B748F90D-3783-4066-9B67-21FD74EE0586}
	EndGlobalSection
EndGlobal
